
Microsoft Visual Studio Solution File, Format Version 12.00
# Visual Studio Version 17
VisualStudioVersion = 17.2.32526.322
MinimumVisualStudioVersion = 10.0.40219.1
Project("{9A19103F-16F7-4668-BE54-9A1E7A4F7556}") = "ControlBroker", "ControlBroker\ControlBroker.csproj", "{CE1C254A-A758-40AC-A848-2C276CF90A2B}"
EndProject
Project("{9A19103F-16F7-4668-BE54-9A1E7A4F7556}") = "ControlContracts", "Movement\ControlContracts.csproj", "{C06FB07C-AF66-432F-A55C-C8FF7852964A}"
EndProject
Project("{2150E333-8FDC-42A3-9474-1A3956D46DE8}") = "Solution Items", "Solution Items", "{7EE68495-94AD-4FE6-8AEF-C5E41CEDE362}"
	ProjectSection(SolutionItems) = preProject
		Dockerfile = Dockerfile
	EndProjectSection
EndProject
Global
	GlobalSection(SolutionConfigurationPlatforms) = preSolution
		Debug|Any CPU = Debug|Any CPU
		Release|Any CPU = Release|Any CPU
	EndGlobalSection
	GlobalSection(ProjectConfigurationPlatforms) = postSolution
		{CE1C254A-A758-40AC-A848-2C276CF90A2B}.Debug|Any CPU.ActiveCfg = Debug|Any CPU
		{CE1C254A-A758-40AC-A848-2C276CF90A2B}.Debug|Any CPU.Build.0 = Debug|Any CPU
		{CE1C254A-A758-40AC-A848-2C276CF90A2B}.Release|Any CPU.ActiveCfg = Release|Any CPU
		{CE1C254A-A758-40AC-A848-2C276CF90A2B}.Release|Any CPU.Build.0 = Release|Any CPU
		{C06FB07C-AF66-432F-A55C-C8FF7852964A}.Debug|Any CPU.ActiveCfg = Debug|Any CPU
		{C06FB07C-AF66-432F-A55C-C8FF7852964A}.Debug|Any CPU.Build.0 = Debug|Any CPU
		{C06FB07C-AF66-432F-A55C-C8FF7852964A}.Release|Any CPU.ActiveCfg = Release|Any CPU
		{C06FB07C-AF66-432F-A55C-C8FF7852964A}.Release|Any CPU.Build.0 = Release|Any CPU
	EndGlobalSection
	GlobalSection(SolutionProperties) = preSolution
		HideSolutionNode = FALSE
	EndGlobalSection
	GlobalSection(ExtensibilityGlobals) = postSolution
		SolutionGuid = {B5D16144-7BAE-4684-ADAA-8B44CFBBCF60}
	EndGlobalSection
EndGlobal
